
Microsoft Visual Studio Solution File, Format Version 12.00
# Visual Studio Version 17
VisualStudioVersion = 17.7.34003.232
MinimumVisualStudioVersion = 10.0.40219.1
Project("{FAE04EC0-301F-11D3-BF4B-00C04F79EFBC}") = "progreso", "progreso.csproj", "{A5523526-F089-49EB-9698-7DCC45AAA456}"
EndProject
Global
	GlobalSection(SolutionConfigurationPlatforms) = preSolution
		Debug|Any CPU = Debug|Any CPU
		Release|Any CPU = Release|Any CPU
	EndGlobalSection
	GlobalSection(ProjectConfigurationPlatforms) = postSolution
		{A5523526-F089-49EB-9698-7DCC45AAA456}.Debug|Any CPU.ActiveCfg = Debug|Any CPU
		{A5523526-F089-49EB-9698-7DCC45AAA456}.Debug|Any CPU.Build.0 = Debug|Any CPU
		{A5523526-F089-49EB-9698-7DCC45AAA456}.Release|Any CPU.ActiveCfg = Release|Any CPU
		{A5523526-F089-49EB-9698-7DCC45AAA456}.Release|Any CPU.Build.0 = Release|Any CPU
	EndGlobalSection
	GlobalSection(SolutionProperties) = preSolution
		HideSolutionNode = FALSE
	EndGlobalSection
	GlobalSection(ExtensibilityGlobals) = postSolution
		SolutionGuid = {22EA42F3-CD43-4FF5-9A4C-D3A85F993688}
	EndGlobalSection
EndGlobal
